// !$*UTF8*$!
{
	archiveVersion = 1;
	classes = {
	};
	objectVersion = 56;
	objects = {

/* Begin PBXBuildFile section */
		B5942F452A75BD7B007C7C4E /* AppDelegate.swift in Sources */ = {isa = PBXBuildFile; fileRef = B5942F442A75BD7B007C7C4E /* AppDelegate.swift */; };
		B5942F472A75BD7B007C7C4E /* SceneDelegate.swift in Sources */ = {isa = PBXBuildFile; fileRef = B5942F462A75BD7B007C7C4E /* SceneDelegate.swift */; };
		B5942F492A75BD7B007C7C4E /* RMTabViewController.swift in Sources */ = {isa = PBXBuildFile; fileRef = B5942F482A75BD7B007C7C4E /* RMTabViewController.swift */; };
		B5942F4E2A75BD7C007C7C4E /* Assets.xcassets in Resources */ = {isa = PBXBuildFile; fileRef = B5942F4D2A75BD7C007C7C4E /* Assets.xcassets */; };
		B5942F512A75BD7C007C7C4E /* LaunchScreen.storyboard in Resources */ = {isa = PBXBuildFile; fileRef = B5942F4F2A75BD7C007C7C4E /* LaunchScreen.storyboard */; };
		B5942F602A75C8B3007C7C4E /* RMLocation.swift in Sources */ = {isa = PBXBuildFile; fileRef = B5942F5F2A75C8B3007C7C4E /* RMLocation.swift */; };
		B5942F622A75C8C3007C7C4E /* RMCharacter.swift in Sources */ = {isa = PBXBuildFile; fileRef = B5942F612A75C8C3007C7C4E /* RMCharacter.swift */; };
		B5942F642A75C8D8007C7C4E /* RMEpisode.swift in Sources */ = {isa = PBXBuildFile; fileRef = B5942F632A75C8D8007C7C4E /* RMEpisode.swift */; };
		B5942F672A75D591007C7C4E /* RMCharacterViewController.swift in Sources */ = {isa = PBXBuildFile; fileRef = B5942F662A75D591007C7C4E /* RMCharacterViewController.swift */; };
		B5942F692A75D59D007C7C4E /* RMLocationViewController.swift in Sources */ = {isa = PBXBuildFile; fileRef = B5942F682A75D59D007C7C4E /* RMLocationViewController.swift */; };
		B5942F6B2A75D5AA007C7C4E /* RMEpisodeViewController.swift in Sources */ = {isa = PBXBuildFile; fileRef = B5942F6A2A75D5AA007C7C4E /* RMEpisodeViewController.swift */; };
		B5942F6D2A75D5C0007C7C4E /* RMSettingsViewController.swift in Sources */ = {isa = PBXBuildFile; fileRef = B5942F6C2A75D5C0007C7C4E /* RMSettingsViewController.swift */; };
		B5E9C89D2A99E71700099F0B /* RMService.swift in Sources */ = {isa = PBXBuildFile; fileRef = B5E9C89C2A99E71700099F0B /* RMService.swift */; };
		B5E9C89F2A99E7BD00099F0B /* RMRequest.swift in Sources */ = {isa = PBXBuildFile; fileRef = B5E9C89E2A99E7BD00099F0B /* RMRequest.swift */; };
		B5E9C8A12A99E7F600099F0B /* RMEndpoint.swift in Sources */ = {isa = PBXBuildFile; fileRef = B5E9C8A02A99E7F600099F0B /* RMEndpoint.swift */; };
/* End PBXBuildFile section */

/* Begin PBXFileReference section */
		B5942F412A75BD7B007C7C4E /* RickAndMorty.app */ = {isa = PBXFileReference; explicitFileType = wrapper.application; includeInIndex = 0; path = RickAndMorty.app; sourceTree = BUILT_PRODUCTS_DIR; };
		B5942F442A75BD7B007C7C4E /* AppDelegate.swift */ = {isa = PBXFileReference; lastKnownFileType = sourcecode.swift; path = AppDelegate.swift; sourceTree = "<group>"; };
		B5942F462A75BD7B007C7C4E /* SceneDelegate.swift */ = {isa = PBXFileReference; lastKnownFileType = sourcecode.swift; path = SceneDelegate.swift; sourceTree = "<group>"; };
		B5942F482A75BD7B007C7C4E /* RMTabViewController.swift */ = {isa = PBXFileReference; lastKnownFileType = sourcecode.swift; path = RMTabViewController.swift; sourceTree = "<group>"; };
		B5942F4D2A75BD7C007C7C4E /* Assets.xcassets */ = {isa = PBXFileReference; lastKnownFileType = folder.assetcatalog; path = Assets.xcassets; sourceTree = "<group>"; };
		B5942F502A75BD7C007C7C4E /* Base */ = {isa = PBXFileReference; lastKnownFileType = file.storyboard; name = Base; path = Base.lproj/LaunchScreen.storyboard; sourceTree = "<group>"; };
		B5942F522A75BD7C007C7C4E /* Info.plist */ = {isa = PBXFileReference; lastKnownFileType = text.plist.xml; path = Info.plist; sourceTree = "<group>"; };
		B5942F5F2A75C8B3007C7C4E /* RMLocation.swift */ = {isa = PBXFileReference; lastKnownFileType = sourcecode.swift; path = RMLocation.swift; sourceTree = "<group>"; };
		B5942F612A75C8C3007C7C4E /* RMCharacter.swift */ = {isa = PBXFileReference; lastKnownFileType = sourcecode.swift; path = RMCharacter.swift; sourceTree = "<group>"; };
		B5942F632A75C8D8007C7C4E /* RMEpisode.swift */ = {isa = PBXFileReference; lastKnownFileType = sourcecode.swift; path = RMEpisode.swift; sourceTree = "<group>"; };
		B5942F662A75D591007C7C4E /* RMCharacterViewController.swift */ = {isa = PBXFileReference; lastKnownFileType = sourcecode.swift; path = RMCharacterViewController.swift; sourceTree = "<group>"; };
		B5942F682A75D59D007C7C4E /* RMLocationViewController.swift */ = {isa = PBXFileReference; lastKnownFileType = sourcecode.swift; path = RMLocationViewController.swift; sourceTree = "<group>"; };
		B5942F6A2A75D5AA007C7C4E /* RMEpisodeViewController.swift */ = {isa = PBXFileReference; lastKnownFileType = sourcecode.swift; path = RMEpisodeViewController.swift; sourceTree = "<group>"; };
		B5942F6C2A75D5C0007C7C4E /* RMSettingsViewController.swift */ = {isa = PBXFileReference; lastKnownFileType = sourcecode.swift; path = RMSettingsViewController.swift; sourceTree = "<group>"; };
		B5E9C89C2A99E71700099F0B /* RMService.swift */ = {isa = PBXFileReference; lastKnownFileType = sourcecode.swift; path = RMService.swift; sourceTree = "<group>"; };
		B5E9C89E2A99E7BD00099F0B /* RMRequest.swift */ = {isa = PBXFileReference; lastKnownFileType = sourcecode.swift; path = RMRequest.swift; sourceTree = "<group>"; };
		B5E9C8A02A99E7F600099F0B /* RMEndpoint.swift */ = {isa = PBXFileReference; lastKnownFileType = sourcecode.swift; path = RMEndpoint.swift; sourceTree = "<group>"; };
/* End PBXFileReference section */

/* Begin PBXFrameworksBuildPhase section */
		B5942F3E2A75BD7B007C7C4E /* Frameworks */ = {
			isa = PBXFrameworksBuildPhase;
			buildActionMask = 2147483647;
			files = (
			);
			runOnlyForDeploymentPostprocessing = 0;
		};
/* End PBXFrameworksBuildPhase section */

/* Begin PBXGroup section */
		B5942F382A75BD7B007C7C4E = {
			isa = PBXGroup;
			children = (
				B5942F432A75BD7B007C7C4E /* RickAndMorty */,
				B5942F422A75BD7B007C7C4E /* Products */,
			);
			sourceTree = "<group>";
		};
		B5942F422A75BD7B007C7C4E /* Products */ = {
			isa = PBXGroup;
			children = (
				B5942F412A75BD7B007C7C4E /* RickAndMorty.app */,
			);
			name = Products;
			sourceTree = "<group>";
		};
		B5942F432A75BD7B007C7C4E /* RickAndMorty */ = {
			isa = PBXGroup;
			children = (
				B5942F5E2A75C07D007C7C4E /* Resources */,
				B5942F5C2A75C049007C7C4E /* Managers */,
				B5942F5D2A75C06A007C7C4E /* APIClient */,
				B5942F5B2A75C028007C7C4E /* ViewModels */,
				B5942F5A2A75C00F007C7C4E /* Views */,
				B5942F592A75C005007C7C4E /* Models */,
				B5942F582A75BFFC007C7C4E /* Controllers */,
				B5942F522A75BD7C007C7C4E /* Info.plist */,
			);
			path = RickAndMorty;
			sourceTree = "<group>";
		};
		B5942F582A75BFFC007C7C4E /* Controllers */ = {
			isa = PBXGroup;
			children = (
				B5942F652A75C9C0007C7C4E /* Core */,
			);
			path = Controllers;
			sourceTree = "<group>";
		};
		B5942F592A75C005007C7C4E /* Models */ = {
			isa = PBXGroup;
			children = (
				B5942F5F2A75C8B3007C7C4E /* RMLocation.swift */,
				B5942F612A75C8C3007C7C4E /* RMCharacter.swift */,
				B5942F632A75C8D8007C7C4E /* RMEpisode.swift */,
			);
			path = Models;
			sourceTree = "<group>";
		};
		B5942F5A2A75C00F007C7C4E /* Views */ = {
			isa = PBXGroup;
			children = (
			);
			path = Views;
			sourceTree = "<group>";
		};
		B5942F5B2A75C028007C7C4E /* ViewModels */ = {
			isa = PBXGroup;
			children = (
			);
			path = ViewModels;
			sourceTree = "<group>";
		};
		B5942F5C2A75C049007C7C4E /* Managers */ = {
			isa = PBXGroup;
			children = (
			);
			path = Managers;
			sourceTree = "<group>";
		};
		B5942F5D2A75C06A007C7C4E /* APIClient */ = {
			isa = PBXGroup;
			children = (
				B5E9C89C2A99E71700099F0B /* RMService.swift */,
				B5E9C89E2A99E7BD00099F0B /* RMRequest.swift */,
				B5E9C8A02A99E7F600099F0B /* RMEndpoint.swift */,
			);
			path = APIClient;
			sourceTree = "<group>";
		};
		B5942F5E2A75C07D007C7C4E /* Resources */ = {
			isa = PBXGroup;
			children = (
				B5942F4D2A75BD7C007C7C4E /* Assets.xcassets */,
				B5942F4F2A75BD7C007C7C4E /* LaunchScreen.storyboard */,
				B5942F442A75BD7B007C7C4E /* AppDelegate.swift */,
				B5942F462A75BD7B007C7C4E /* SceneDelegate.swift */,
			);
			path = Resources;
			sourceTree = "<group>";
		};
		B5942F652A75C9C0007C7C4E /* Core */ = {
			isa = PBXGroup;
			children = (
				B5942F482A75BD7B007C7C4E /* RMTabViewController.swift */,
				B5942F662A75D591007C7C4E /* RMCharacterViewController.swift */,
				B5942F682A75D59D007C7C4E /* RMLocationViewController.swift */,
				B5942F6A2A75D5AA007C7C4E /* RMEpisodeViewController.swift */,
				B5942F6C2A75D5C0007C7C4E /* RMSettingsViewController.swift */,
			);
			path = Core;
			sourceTree = "<group>";
		};
/* End PBXGroup section */

/* Begin PBXNativeTarget section */
		B5942F402A75BD7B007C7C4E /* RickAndMorty */ = {
			isa = PBXNativeTarget;
			buildConfigurationList = B5942F552A75BD7C007C7C4E /* Build configuration list for PBXNativeTarget "RickAndMorty" */;
			buildPhases = (
				B5942F3D2A75BD7B007C7C4E /* Sources */,
				B5942F3E2A75BD7B007C7C4E /* Frameworks */,
				B5942F3F2A75BD7B007C7C4E /* Resources */,
			);
			buildRules = (
			);
			dependencies = (
			);
			name = RickAndMorty;
			productName = RickAndMorty;
			productReference = B5942F412A75BD7B007C7C4E /* RickAndMorty.app */;
			productType = "com.apple.product-type.application";
		};
/* End PBXNativeTarget section */

/* Begin PBXProject section */
		B5942F392A75BD7B007C7C4E /* Project object */ = {
			isa = PBXProject;
			attributes = {
				BuildIndependentTargetsInParallel = 1;
				LastSwiftUpdateCheck = 1430;
				LastUpgradeCheck = 1430;
				TargetAttributes = {
					B5942F402A75BD7B007C7C4E = {
						CreatedOnToolsVersion = 14.3.1;
					};
				};
			};
			buildConfigurationList = B5942F3C2A75BD7B007C7C4E /* Build configuration list for PBXProject "RickAndMorty" */;
			compatibilityVersion = "Xcode 14.0";
			developmentRegion = en;
			hasScannedForEncodings = 0;
			knownRegions = (
				en,
				Base,
			);
			mainGroup = B5942F382A75BD7B007C7C4E;
			productRefGroup = B5942F422A75BD7B007C7C4E /* Products */;
			projectDirPath = "";
			projectRoot = "";
			targets = (
				B5942F402A75BD7B007C7C4E /* RickAndMorty */,
			);
		};
/* End PBXProject section */

/* Begin PBXResourcesBuildPhase section */
		B5942F3F2A75BD7B007C7C4E /* Resources */ = {
			isa = PBXResourcesBuildPhase;
			buildActionMask = 2147483647;
			files = (
				B5942F512A75BD7C007C7C4E /* LaunchScreen.storyboard in Resources */,
				B5942F4E2A75BD7C007C7C4E /* Assets.xcassets in Resources */,
			);
			runOnlyForDeploymentPostprocessing = 0;
		};
/* End PBXResourcesBuildPhase section */

/* Begin PBXSourcesBuildPhase section */
		B5942F3D2A75BD7B007C7C4E /* Sources */ = {
			isa = PBXSourcesBuildPhase;
			buildActionMask = 2147483647;
			files = (
				B5942F692A75D59D007C7C4E /* RMLocationViewController.swift in Sources */,
				B5942F642A75C8D8007C7C4E /* RMEpisode.swift in Sources */,
				B5942F492A75BD7B007C7C4E /* RMTabViewController.swift in Sources */,
				B5942F6B2A75D5AA007C7C4E /* RMEpisodeViewController.swift in Sources */,
				B5942F452A75BD7B007C7C4E /* AppDelegate.swift in Sources */,
				B5942F472A75BD7B007C7C4E /* SceneDelegate.swift in Sources */,
				B5942F6D2A75D5C0007C7C4E /* RMSettingsViewController.swift in Sources */,
				B5E9C89D2A99E71700099F0B /* RMService.swift in Sources */,
				B5942F602A75C8B3007C7C4E /* RMLocation.swift in Sources */,
				B5E9C8A12A99E7F600099F0B /* RMEndpoint.swift in Sources */,
				B5942F622A75C8C3007C7C4E /* RMCharacter.swift in Sources */,
				B5E9C89F2A99E7BD00099F0B /* RMRequest.swift in Sources */,
				B5942F672A75D591007C7C4E /* RMCharacterViewController.swift in Sources */,
			);
			runOnlyForDeploymentPostprocessing = 0;
		};
/* End PBXSourcesBuildPhase section */

/* Begin PBXVariantGroup section */
		B5942F4F2A75BD7C007C7C4E /* LaunchScreen.storyboard */ = {
			isa = PBXVariantGroup;
			children = (
				B5942F502A75BD7C007C7C4E /* Base */,
			);
			name = LaunchScreen.storyboard;
			sourceTree = "<group>";
		};
/* End PBXVariantGroup section */

/* Begin XCBuildConfiguration section */
		B5942F532A75BD7C007C7C4E /* Debug */ = {
			isa = XCBuildConfiguration;
			buildSettings = {
				ALWAYS_SEARCH_USER_PATHS = NO;
				CLANG_ANALYZER_NONNULL = YES;
				CLANG_ANALYZER_NUMBER_OBJECT_CONVERSION = YES_AGGRESSIVE;
				CLANG_CXX_LANGUAGE_STANDARD = "gnu++20";
				CLANG_ENABLE_MODULES = YES;
				CLANG_ENABLE_OBJC_ARC = YES;
				CLANG_ENABLE_OBJC_WEAK = YES;
				CLANG_WARN_BLOCK_CAPTURE_AUTORELEASING = YES;
				CLANG_WARN_BOOL_CONVERSION = YES;
				CLANG_WARN_COMMA = YES;
				CLANG_WARN_CONSTANT_CONVERSION = YES;
				CLANG_WARN_DEPRECATED_OBJC_IMPLEMENTATIONS = YES;
				CLANG_WARN_DIRECT_OBJC_ISA_USAGE = YES_ERROR;
				CLANG_WARN_DOCUMENTATION_COMMENTS = YES;
				CLANG_WARN_EMPTY_BODY = YES;
				CLANG_WARN_ENUM_CONVERSION = YES;
				CLANG_WARN_INFINITE_RECURSION = YES;
				CLANG_WARN_INT_CONVERSION = YES;
				CLANG_WARN_NON_LITERAL_NULL_CONVERSION = YES;
				CLANG_WARN_OBJC_IMPLICIT_RETAIN_SELF = YES;
				CLANG_WARN_OBJC_LITERAL_CONVERSION = YES;
				CLANG_WARN_OBJC_ROOT_CLASS = YES_ERROR;
				CLANG_WARN_QUOTED_INCLUDE_IN_FRAMEWORK_HEADER = YES;
				CLANG_WARN_RANGE_LOOP_ANALYSIS = YES;
				CLANG_WARN_STRICT_PROTOTYPES = YES;
				CLANG_WARN_SUSPICIOUS_MOVE = YES;
				CLANG_WARN_UNGUARDED_AVAILABILITY = YES_AGGRESSIVE;
				CLANG_WARN_UNREACHABLE_CODE = YES;
				CLANG_WARN__DUPLICATE_METHOD_MATCH = YES;
				COPY_PHASE_STRIP = NO;
				DEBUG_INFORMATION_FORMAT = dwarf;
				ENABLE_STRICT_OBJC_MSGSEND = YES;
				ENABLE_TESTABILITY = YES;
				GCC_C_LANGUAGE_STANDARD = gnu11;
				GCC_DYNAMIC_NO_PIC = NO;
				GCC_NO_COMMON_BLOCKS = YES;
				GCC_OPTIMIZATION_LEVEL = 0;
				GCC_PREPROCESSOR_DEFINITIONS = (
					"DEBUG=1",
					"$(inherited)",
				);
				GCC_WARN_64_TO_32_BIT_CONVERSION = YES;
				GCC_WARN_ABOUT_RETURN_TYPE = YES_ERROR;
				GCC_WARN_UNDECLARED_SELECTOR = YES;
				GCC_WARN_UNINITIALIZED_AUTOS = YES_AGGRESSIVE;
				GCC_WARN_UNUSED_FUNCTION = YES;
				GCC_WARN_UNUSED_VARIABLE = YES;
				IPHONEOS_DEPLOYMENT_TARGET = 16.4;
				MTL_ENABLE_DEBUG_INFO = INCLUDE_SOURCE;
				MTL_FAST_MATH = YES;
				ONLY_ACTIVE_ARCH = YES;
				SDKROOT = iphoneos;
				SWIFT_ACTIVE_COMPILATION_CONDITIONS = DEBUG;
				SWIFT_OPTIMIZATION_LEVEL = "-Onone";
			};
			name = Debug;
		};
		B5942F542A75BD7C007C7C4E /* Release */ = {
			isa = XCBuildConfiguration;
			buildSettings = {
				ALWAYS_SEARCH_USER_PATHS = NO;
				CLANG_ANALYZER_NONNULL = YES;
				CLANG_ANALYZER_NUMBER_OBJECT_CONVERSION = YES_AGGRESSIVE;
				CLANG_CXX_LANGUAGE_STANDARD = "gnu++20";
				CLANG_ENABLE_MODULES = YES;
				CLANG_ENABLE_OBJC_ARC = YES;
				CLANG_ENABLE_OBJC_WEAK = YES;
				CLANG_WARN_BLOCK_CAPTURE_AUTORELEASING = YES;
				CLANG_WARN_BOOL_CONVERSION = YES;
				CLANG_WARN_COMMA = YES;
				CLANG_WARN_CONSTANT_CONVERSION = YES;
				CLANG_WARN_DEPRECATED_OBJC_IMPLEMENTATIONS = YES;
				CLANG_WARN_DIRECT_OBJC_ISA_USAGE = YES_ERROR;
				CLANG_WARN_DOCUMENTATION_COMMENTS = YES;
				CLANG_WARN_EMPTY_BODY = YES;
				CLANG_WARN_ENUM_CONVERSION = YES;
				CLANG_WARN_INFINITE_RECURSION = YES;
				CLANG_WARN_INT_CONVERSION = YES;
				CLANG_WARN_NON_LITERAL_NULL_CONVERSION = YES;
				CLANG_WARN_OBJC_IMPLICIT_RETAIN_SELF = YES;
				CLANG_WARN_OBJC_LITERAL_CONVERSION = YES;
				CLANG_WARN_OBJC_ROOT_CLASS = YES_ERROR;
				CLANG_WARN_QUOTED_INCLUDE_IN_FRAMEWORK_HEADER = YES;
				CLANG_WARN_RANGE_LOOP_ANALYSIS = YES;
				CLANG_WARN_STRICT_PROTOTYPES = YES;
				CLANG_WARN_SUSPICIOUS_MOVE = YES;
				CLANG_WARN_UNGUARDED_AVAILABILITY = YES_AGGRESSIVE;
				CLANG_WARN_UNREACHABLE_CODE = YES;
				CLANG_WARN__DUPLICATE_METHOD_MATCH = YES;
				COPY_PHASE_STRIP = NO;
				DEBUG_INFORMATION_FORMAT = "dwarf-with-dsym";
				ENABLE_NS_ASSERTIONS = NO;
				ENABLE_STRICT_OBJC_MSGSEND = YES;
				GCC_C_LANGUAGE_STANDARD = gnu11;
				GCC_NO_COMMON_BLOCKS = YES;
				GCC_WARN_64_TO_32_BIT_CONVERSION = YES;
				GCC_WARN_ABOUT_RETURN_TYPE = YES_ERROR;
				GCC_WARN_UNDECLARED_SELECTOR = YES;
				GCC_WARN_UNINITIALIZED_AUTOS = YES_AGGRESSIVE;
				GCC_WARN_UNUSED_FUNCTION = YES;
				GCC_WARN_UNUSED_VARIABLE = YES;
				IPHONEOS_DEPLOYMENT_TARGET = 16.4;
				MTL_ENABLE_DEBUG_INFO = NO;
				MTL_FAST_MATH = YES;
				SDKROOT = iphoneos;
				SWIFT_COMPILATION_MODE = wholemodule;
				SWIFT_OPTIMIZATION_LEVEL = "-O";
				VALIDATE_PRODUCT = YES;
			};
			name = Release;
		};
		B5942F562A75BD7C007C7C4E /* Debug */ = {
			isa = XCBuildConfiguration;
			buildSettings = {
				ASSETCATALOG_COMPILER_APPICON_NAME = AppIcon;
				ASSETCATALOG_COMPILER_GLOBAL_ACCENT_COLOR_NAME = AccentColor;
				CODE_SIGN_STYLE = Automatic;
				CURRENT_PROJECT_VERSION = 1;
				DEVELOPMENT_TEAM = B4DDJ87QBY;
				GENERATE_INFOPLIST_FILE = YES;
				INFOPLIST_FILE = RickAndMorty/Info.plist;
				INFOPLIST_KEY_UIApplicationSupportsIndirectInputEvents = YES;
				INFOPLIST_KEY_UILaunchStoryboardName = LaunchScreen;
				INFOPLIST_KEY_UISupportedInterfaceOrientations_iPad = "UIInterfaceOrientationPortrait UIInterfaceOrientationPortraitUpsideDown UIInterfaceOrientationLandscapeLeft UIInterfaceOrientationLandscapeRight";
				INFOPLIST_KEY_UISupportedInterfaceOrientations_iPhone = "UIInterfaceOrientationPortrait UIInterfaceOrientationLandscapeLeft UIInterfaceOrientationLandscapeRight";
				LD_RUNPATH_SEARCH_PATHS = (
					"$(inherited)",
					"@executable_path/Frameworks",
				);
				MARKETING_VERSION = 1.0;
				PRODUCT_BUNDLE_IDENTIFIER = com.Hendroidx.RickAndMorty;
				PRODUCT_NAME = "$(TARGET_NAME)";
				SWIFT_EMIT_LOC_STRINGS = YES;
				SWIFT_VERSION = 5.0;
				TARGETED_DEVICE_FAMILY = "1,2";
			};
			name = Debug;
		};
		B5942F572A75BD7C007C7C4E /* Release */ = {
			isa = XCBuildConfiguration;
			buildSettings = {
				ASSETCATALOG_COMPILER_APPICON_NAME = AppIcon;
				ASSETCATALOG_COMPILER_GLOBAL_ACCENT_COLOR_NAME = AccentColor;
				CODE_SIGN_STYLE = Automatic;
				CURRENT_PROJECT_VERSION = 1;
				DEVELOPMENT_TEAM = B4DDJ87QBY;
				GENERATE_INFOPLIST_FILE = YES;
				INFOPLIST_FILE = RickAndMorty/Info.plist;
				INFOPLIST_KEY_UIApplicationSupportsIndirectInputEvents = YES;
				INFOPLIST_KEY_UILaunchStoryboardName = LaunchScreen;
				INFOPLIST_KEY_UISupportedInterfaceOrientations_iPad = "UIInterfaceOrientationPortrait UIInterfaceOrientationPortraitUpsideDown UIInterfaceOrientationLandscapeLeft UIInterfaceOrientationLandscapeRight";
				INFOPLIST_KEY_UISupportedInterfaceOrientations_iPhone = "UIInterfaceOrientationPortrait UIInterfaceOrientationLandscapeLeft UIInterfaceOrientationLandscapeRight";
				LD_RUNPATH_SEARCH_PATHS = (
					"$(inherited)",
					"@executable_path/Frameworks",
				);
				MARKETING_VERSION = 1.0;
				PRODUCT_BUNDLE_IDENTIFIER = com.Hendroidx.RickAndMorty;
				PRODUCT_NAME = "$(TARGET_NAME)";
				SWIFT_EMIT_LOC_STRINGS = YES;
				SWIFT_VERSION = 5.0;
				TARGETED_DEVICE_FAMILY = "1,2";
			};
			name = Release;
		};
/* End XCBuildConfiguration section */

/* Begin XCConfigurationList section */
		B5942F3C2A75BD7B007C7C4E /* Build configuration list for PBXProject "RickAndMorty" */ = {
			isa = XCConfigurationList;
			buildConfigurations = (
				B5942F532A75BD7C007C7C4E /* Debug */,
				B5942F542A75BD7C007C7C4E /* Release */,
			);
			defaultConfigurationIsVisible = 0;
			defaultConfigurationName = Release;
		};
		B5942F552A75BD7C007C7C4E /* Build configuration list for PBXNativeTarget "RickAndMorty" */ = {
			isa = XCConfigurationList;
			buildConfigurations = (
				B5942F562A75BD7C007C7C4E /* Debug */,
				B5942F572A75BD7C007C7C4E /* Release */,
			);
			defaultConfigurationIsVisible = 0;
			defaultConfigurationName = Release;
		};
/* End XCConfigurationList section */
	};
	rootObject = B5942F392A75BD7B007C7C4E /* Project object */;
}
